
Microsoft Visual Studio Solution File, Format Version 12.00
# Visual Studio Version 16
VisualStudioVersion = 16.0.30611.23
MinimumVisualStudioVersion = 10.0.40219.1
Project("{FAE04EC0-301F-11D3-BF4B-00C04F79EFBC}") = "GK2", "GK2\GK2.csproj", "{E83977C8-CA4B-4991-96A2-4854CCE69B75}"
EndProject
Global
	GlobalSection(SolutionConfigurationPlatforms) = preSolution
		Debug|Any CPU = Debug|Any CPU
		Release|Any CPU = Release|Any CPU
	EndGlobalSection
	GlobalSection(ProjectConfigurationPlatforms) = postSolution
		{E83977C8-CA4B-4991-96A2-4854CCE69B75}.Debug|Any CPU.ActiveCfg = Debug|Any CPU
		{E83977C8-CA4B-4991-96A2-4854CCE69B75}.Debug|Any CPU.Build.0 = Debug|Any CPU
		{E83977C8-CA4B-4991-96A2-4854CCE69B75}.Release|Any CPU.ActiveCfg = Release|Any CPU
		{E83977C8-CA4B-4991-96A2-4854CCE69B75}.Release|Any CPU.Build.0 = Release|Any CPU
	EndGlobalSection
	GlobalSection(SolutionProperties) = preSolution
		HideSolutionNode = FALSE
	EndGlobalSection
	GlobalSection(ExtensibilityGlobals) = postSolution
		SolutionGuid = {728CB2F0-B25D-46E6-B4D4-DFE279285601}
	EndGlobalSection
EndGlobal
